dependencies:
  espressif/esp_audio_codec:
    component_hash: null
    source:
      path: D:\IOT Device\IOT_Platform\jenix One\IOT_Device\Smart School Bell\ESP32-S3-RTC-PCM5102\firmware\components\espressif__esp_audio_codec
      type: local
    version: 2.6.2
  espressif/mdns:
    component_hash: 3ba256ac95e07c274be53cbd73f06cb846c403b61e8fbdf1be57bdb79db7a63e
    source:
      service_url: https://api.components.espressif.com/
      type: service
    version: 1.12.0
  idf:
    component_hash: null
    source:
      type: idf
    version: 5.3.1
  joltwallet/littlefs:
    component_hash: 3af20a3d75c49db9dc2286fd50862c34055c9f578419ad1f2bf7ed3ed01391fe
    source:
      service_url: https://api.components.espressif.com/
      type: service
    version: 1.22.3
manifest_hash: e15b118bb37ea0fe5dfc2e4390f3c497b55d4fa97163cb11c0836fe45078cd6b
target: esp32s3
version: 1.0.0
